
Microsoft Visual Studio Solution File, Format Version 12.00
# Visual Studio 15
Project("{FAE04EC0-301F-11D3-BF4B-00C04F79EFBC}") = "Assembly-CSharp", "Assembly-CSharp.csproj", "{5977ADD3-7E44-3321-7574-8AB847E2D27D}"
EndProject
Project("{FAE04EC0-301F-11D3-BF4B-00C04F79EFBC}") = "Assembly-CSharp-Editor", "Assembly-CSharp-Editor.csproj", "{C48C4960-E9AF-351F-F652-FC25FF9840BA}"
EndProject
Global
	GlobalSection(SolutionConfigurationPlatforms) = preSolution
		Debug|Any CPU = Debug|Any CPU
		Release|Any CPU = Release|Any CPU
	EndGlobalSection
	GlobalSection(ProjectConfigurationPlatforms) = postSolution
		{5977ADD3-7E44-3321-7574-8AB847E2D27D}.Debug|Any CPU.ActiveCfg = Debug|Any CPU
		{5977ADD3-7E44-3321-7574-8AB847E2D27D}.Debug|Any CPU.Build.0 = Debug|Any CPU
		{5977ADD3-7E44-3321-7574-8AB847E2D27D}.Release|Any CPU.ActiveCfg = Release|Any CPU
		{5977ADD3-7E44-3321-7574-8AB847E2D27D}.Release|Any CPU.Build.0 = Release|Any CPU
		{C48C4960-E9AF-351F-F652-FC25FF9840BA}.Debug|Any CPU.ActiveCfg = Debug|Any CPU
		{C48C4960-E9AF-351F-F652-FC25FF9840BA}.Debug|Any CPU.Build.0 = Debug|Any CPU
		{C48C4960-E9AF-351F-F652-FC25FF9840BA}.Release|Any CPU.ActiveCfg = Release|Any CPU
		{C48C4960-E9AF-351F-F652-FC25FF9840BA}.Release|Any CPU.Build.0 = Release|Any CPU
	EndGlobalSection
	GlobalSection(SolutionProperties) = preSolution
		HideSolutionNode = FALSE
	EndGlobalSection
EndGlobal
